
Microsoft Visual Studio Solution File, Format Version 12.00
# Visual Studio Version 16
VisualStudioVersion = 16.0.31727.386
MinimumVisualStudioVersion = 10.0.40219.1
Project("{8BC9CEB8-8B4A-11D0-8D11-00A0C91BC942}") = "最少拦截系统", "最少拦截系统.vcxproj", "{93D427DD-D9E7-442A-91FF-7E4BCEEBD4A1}"
EndProject
Global
	GlobalSection(SolutionConfigurationPlatforms) = preSolution
		Debug|x64 = Debug|x64
		Debug|x86 = Debug|x86
		Release|x64 = Release|x64
		Release|x86 = Release|x86
	EndGlobalSection
	GlobalSection(ProjectConfigurationPlatforms) = postSolution
		{93D427DD-D9E7-442A-91FF-7E4BCEEBD4A1}.Debug|x64.ActiveCfg = Debug|x64
		{93D427DD-D9E7-442A-91FF-7E4BCEEBD4A1}.Debug|x64.Build.0 = Debug|x64
		{93D427DD-D9E7-442A-91FF-7E4BCEEBD4A1}.Debug|x86.ActiveCfg = Debug|Win32
		{93D427DD-D9E7-442A-91FF-7E4BCEEBD4A1}.Debug|x86.Build.0 = Debug|Win32
		{93D427DD-D9E7-442A-91FF-7E4BCEEBD4A1}.Release|x64.ActiveCfg = Release|x64
		{93D427DD-D9E7-442A-91FF-7E4BCEEBD4A1}.Release|x64.Build.0 = Release|x64
		{93D427DD-D9E7-442A-91FF-7E4BCEEBD4A1}.Release|x86.ActiveCfg = Release|Win32
		{93D427DD-D9E7-442A-91FF-7E4BCEEBD4A1}.Release|x86.Build.0 = Release|Win32
	EndGlobalSection
	GlobalSection(SolutionProperties) = preSolution
		HideSolutionNode = FALSE
	EndGlobalSection
	GlobalSection(ExtensibilityGlobals) = postSolution
		SolutionGuid = {FD2FC1E4-EDD8-4FE5-9383-9ABD34B5BB77}
	EndGlobalSection
EndGlobal
