
Microsoft Visual Studio Solution File, Format Version 12.00
# Visual Studio Version 16
VisualStudioVersion = 16.0.31727.386
MinimumVisualStudioVersion = 10.0.40219.1
Project("{8BC9CEB8-8B4A-11D0-8D11-00A0C91BC942}") = "小希的迷宫", "小希的迷宫.vcxproj", "{592C861C-CB53-4608-8B42-1968E4879426}"
EndProject
Global
	GlobalSection(SolutionConfigurationPlatforms) = preSolution
		Debug|x64 = Debug|x64
		Debug|x86 = Debug|x86
		Release|x64 = Release|x64
		Release|x86 = Release|x86
	EndGlobalSection
	GlobalSection(ProjectConfigurationPlatforms) = postSolution
		{592C861C-CB53-4608-8B42-1968E4879426}.Debug|x64.ActiveCfg = Debug|x64
		{592C861C-CB53-4608-8B42-1968E4879426}.Debug|x64.Build.0 = Debug|x64
		{592C861C-CB53-4608-8B42-1968E4879426}.Debug|x86.ActiveCfg = Debug|Win32
		{592C861C-CB53-4608-8B42-1968E4879426}.Debug|x86.Build.0 = Debug|Win32
		{592C861C-CB53-4608-8B42-1968E4879426}.Release|x64.ActiveCfg = Release|x64
		{592C861C-CB53-4608-8B42-1968E4879426}.Release|x64.Build.0 = Release|x64
		{592C861C-CB53-4608-8B42-1968E4879426}.Release|x86.ActiveCfg = Release|Win32
		{592C861C-CB53-4608-8B42-1968E4879426}.Release|x86.Build.0 = Release|Win32
	EndGlobalSection
	GlobalSection(SolutionProperties) = preSolution
		HideSolutionNode = FALSE
	EndGlobalSection
	GlobalSection(ExtensibilityGlobals) = postSolution
		SolutionGuid = {5AEE8EBA-2057-41EC-AC3A-7081A579955D}
	EndGlobalSection
EndGlobal
